
Microsoft Visual Studio Solution File, Format Version 12.00
# Visual Studio Version 16
VisualStudioVersion = 16.0.31313.79
MinimumVisualStudioVersion = 10.0.40219.1
Project("{FAE04EC0-301F-11D3-BF4B-00C04F79EFBC}") = "parking-detector", "parking-detector\parking-detector.csproj", "{03EDBF64-1CFE-4B56-A38A-A5DB82FB96B3}"
EndProject
Global
	GlobalSection(SolutionConfigurationPlatforms) = preSolution
		Debug|Any CPU = Debug|Any CPU
		Release|Any CPU = Release|Any CPU
	EndGlobalSection
	GlobalSection(ProjectConfigurationPlatforms) = postSolution
		{03EDBF64-1CFE-4B56-A38A-A5DB82FB96B3}.Debug|Any CPU.ActiveCfg = Debug|Any CPU
		{03EDBF64-1CFE-4B56-A38A-A5DB82FB96B3}.Debug|Any CPU.Build.0 = Debug|Any CPU
		{03EDBF64-1CFE-4B56-A38A-A5DB82FB96B3}.Release|Any CPU.ActiveCfg = Release|Any CPU
		{03EDBF64-1CFE-4B56-A38A-A5DB82FB96B3}.Release|Any CPU.Build.0 = Release|Any CPU
	EndGlobalSection
	GlobalSection(SolutionProperties) = preSolution
		HideSolutionNode = FALSE
	EndGlobalSection
	GlobalSection(ExtensibilityGlobals) = postSolution
		SolutionGuid = {BBA48179-300C-4CF0-B73D-8F6FF59275FF}
	EndGlobalSection
EndGlobal
